
Microsoft Visual Studio Solution File, Format Version 12.00
# Visual Studio 14
VisualStudioVersion = 14.0.25420.1
MinimumVisualStudioVersion = 10.0.40219.1
Project("{2150E333-8FDC-42A3-9474-1A3956D46DE8}") = "src", "src", "{3FEF3AF9-0F23-48E9-BB2D-8EF52C731FDA}"
EndProject
Project("{2150E333-8FDC-42A3-9474-1A3956D46DE8}") = "Solution Items", "Solution Items", "{0F097162-B3F8-4ED6-BF35-50736AB17743}"
	ProjectSection(SolutionItems) = preProject
		global.json = global.json
	EndProjectSection
EndProject
Project("{8BB2217D-0F2D-49D1-97BC-3654ED321F3B}") = "OdeToFood2", "src\OdeToFood2\OdeToFood2.xproj", "{7B9E9E9C-3544-42FE-A244-D70E27B01DB0}"
EndProject
Global
	GlobalSection(SolutionConfigurationPlatforms) = preSolution
		Debug|Any CPU = Debug|Any CPU
		Release|Any CPU = Release|Any CPU
	EndGlobalSection
	GlobalSection(ProjectConfigurationPlatforms) = postSolution
		{7B9E9E9C-3544-42FE-A244-D70E27B01DB0}.Debug|Any CPU.ActiveCfg = Debug|Any CPU
		{7B9E9E9C-3544-42FE-A244-D70E27B01DB0}.Debug|Any CPU.Build.0 = Debug|Any CPU
		{7B9E9E9C-3544-42FE-A244-D70E27B01DB0}.Release|Any CPU.ActiveCfg = Release|Any CPU
		{7B9E9E9C-3544-42FE-A244-D70E27B01DB0}.Release|Any CPU.Build.0 = Release|Any CPU
	EndGlobalSection
	GlobalSection(SolutionProperties) = preSolution
		HideSolutionNode = FALSE
	EndGlobalSection
	GlobalSection(NestedProjects) = preSolution
		{7B9E9E9C-3544-42FE-A244-D70E27B01DB0} = {3FEF3AF9-0F23-48E9-BB2D-8EF52C731FDA}
	EndGlobalSection
EndGlobal
